
Microsoft Visual Studio Solution File, Format Version 12.00
# Visual Studio Version 17
VisualStudioVersion = 17.0.31903.59
MinimumVisualStudioVersion = 10.0.40219.1
Project("{2150E333-8FDC-42A3-9474-1A3956D46DE8}") = "src", "src", "{827E0CD3-B72D-47B6-A68D-7590B98EB39B}"
EndProject
Project("{2150E333-8FDC-42A3-9474-1A3956D46DE8}") = "Domain", "Domain", "{8B290487-4C16-E85E-E807-F579CBE9FC4D}"
EndProject
Project("{FAE04EC0-301F-11D3-BF4B-00C04F79EFBC}") = "MealPlanner.Domain", "src\Domain\MealPlanner.Domain\MealPlanner.Domain.csproj", "{0B3DE5B2-6D07-4ED5-80AE-E54ADB33DEC2}"
EndProject
Project("{2150E333-8FDC-42A3-9474-1A3956D46DE8}") = "Application", "Application", "{22BAF98C-8415-17C4-B26A-D537657BC863}"
EndProject
Project("{FAE04EC0-301F-11D3-BF4B-00C04F79EFBC}") = "MealPlanner.Application", "src\Application\MealPlanner.Application\MealPlanner.Application.csproj", "{FCE0CEEB-34E5-476F-A712-A95F89F3F58C}"
EndProject
Project("{2150E333-8FDC-42A3-9474-1A3956D46DE8}") = "Infrastructure", "Infrastructure", "{9048EB7F-3875-A59E-E36B-5BD4C6F2A282}"
EndProject
Project("{FAE04EC0-301F-11D3-BF4B-00C04F79EFBC}") = "MealPlanner.Infrastructure", "src\Infrastructure\MealPlanner.Infrastructure\MealPlanner.Infrastructure.csproj", "{F9FAC008-8001-47C2-82DB-B02DF11917FE}"
EndProject
Project("{2150E333-8FDC-42A3-9474-1A3956D46DE8}") = "Api", "Api", "{81034408-37C8-1011-444E-4C15C2FADA8E}"
EndProject
Project("{FAE04EC0-301F-11D3-BF4B-00C04F79EFBC}") = "MealPlanner.Api", "src\Api\MealPlanner.Api\MealPlanner.Api.csproj", "{E2F440AC-3129-4921-B7B7-1D065B17FB15}"
EndProject
Project("{2150E333-8FDC-42A3-9474-1A3956D46DE8}") = "tests", "tests", "{0AB3BF05-4346-4AA6-1389-037BE0695223}"
EndProject
Project("{2150E333-8FDC-42A3-9474-1A3956D46DE8}") = "Application", "Application", "{B611CC27-D592-8FDF-F9F1-D39D131BCC02}"
EndProject
Project("{FAE04EC0-301F-11D3-BF4B-00C04F79EFBC}") = "MealPlanner.Application.Tests", "tests\Application\MealPlanner.Application.Tests\MealPlanner.Application.Tests.csproj", "{CC8E1C7E-0C46-423F-AB23-0770E3BC4327}"
EndProject
Global
	GlobalSection(SolutionConfigurationPlatforms) = preSolution
		Debug|Any CPU = Debug|Any CPU
		Debug|x64 = Debug|x64
		Debug|x86 = Debug|x86
		Release|Any CPU = Release|Any CPU
		Release|x64 = Release|x64
		Release|x86 = Release|x86
	EndGlobalSection
	GlobalSection(ProjectConfigurationPlatforms) = postSolution
		{0B3DE5B2-6D07-4ED5-80AE-E54ADB33DEC2}.Debug|Any CPU.ActiveCfg = Debug|Any CPU
		{0B3DE5B2-6D07-4ED5-80AE-E54ADB33DEC2}.Debug|Any CPU.Build.0 = Debug|Any CPU
		{0B3DE5B2-6D07-4ED5-80AE-E54ADB33DEC2}.Debug|x64.ActiveCfg = Debug|Any CPU
		{0B3DE5B2-6D07-4ED5-80AE-E54ADB33DEC2}.Debug|x64.Build.0 = Debug|Any CPU
		{0B3DE5B2-6D07-4ED5-80AE-E54ADB33DEC2}.Debug|x86.ActiveCfg = Debug|Any CPU
		{0B3DE5B2-6D07-4ED5-80AE-E54ADB33DEC2}.Debug|x86.Build.0 = Debug|Any CPU
		{0B3DE5B2-6D07-4ED5-80AE-E54ADB33DEC2}.Release|Any CPU.ActiveCfg = Release|Any CPU
		{0B3DE5B2-6D07-4ED5-80AE-E54ADB33DEC2}.Release|Any CPU.Build.0 = Release|Any CPU
		{0B3DE5B2-6D07-4ED5-80AE-E54ADB33DEC2}.Release|x64.ActiveCfg = Release|Any CPU
		{0B3DE5B2-6D07-4ED5-80AE-E54ADB33DEC2}.Release|x64.Build.0 = Release|Any CPU
		{0B3DE5B2-6D07-4ED5-80AE-E54ADB33DEC2}.Release|x86.ActiveCfg = Release|Any CPU
		{0B3DE5B2-6D07-4ED5-80AE-E54ADB33DEC2}.Release|x86.Build.0 = Release|Any CPU
		{FCE0CEEB-34E5-476F-A712-A95F89F3F58C}.Debug|Any CPU.ActiveCfg = Debug|Any CPU
		{FCE0CEEB-34E5-476F-A712-A95F89F3F58C}.Debug|Any CPU.Build.0 = Debug|Any CPU
		{FCE0CEEB-34E5-476F-A712-A95F89F3F58C}.Debug|x64.ActiveCfg = Debug|Any CPU
		{FCE0CEEB-34E5-476F-A712-A95F89F3F58C}.Debug|x64.Build.0 = Debug|Any CPU
		{FCE0CEEB-34E5-476F-A712-A95F89F3F58C}.Debug|x86.ActiveCfg = Debug|Any CPU
		{FCE0CEEB-34E5-476F-A712-A95F89F3F58C}.Debug|x86.Build.0 = Debug|Any CPU
		{FCE0CEEB-34E5-476F-A712-A95F89F3F58C}.Release|Any CPU.ActiveCfg = Release|Any CPU
		{FCE0CEEB-34E5-476F-A712-A95F89F3F58C}.Release|Any CPU.Build.0 = Release|Any CPU
		{FCE0CEEB-34E5-476F-A712-A95F89F3F58C}.Release|x64.ActiveCfg = Release|Any CPU
		{FCE0CEEB-34E5-476F-A712-A95F89F3F58C}.Release|x64.Build.0 = Release|Any CPU
		{FCE0CEEB-34E5-476F-A712-A95F89F3F58C}.Release|x86.ActiveCfg = Release|Any CPU
		{FCE0CEEB-34E5-476F-A712-A95F89F3F58C}.Release|x86.Build.0 = Release|Any CPU
		{F9FAC008-8001-47C2-82DB-B02DF11917FE}.Debug|Any CPU.ActiveCfg = Debug|Any CPU
		{F9FAC008-8001-47C2-82DB-B02DF11917FE}.Debug|Any CPU.Build.0 = Debug|Any CPU
		{F9FAC008-8001-47C2-82DB-B02DF11917FE}.Debug|x64.ActiveCfg = Debug|Any CPU
		{F9FAC008-8001-47C2-82DB-B02DF11917FE}.Debug|x64.Build.0 = Debug|Any CPU
		{F9FAC008-8001-47C2-82DB-B02DF11917FE}.Debug|x86.ActiveCfg = Debug|Any CPU
		{F9FAC008-8001-47C2-82DB-B02DF11917FE}.Debug|x86.Build.0 = Debug|Any CPU
		{F9FAC008-8001-47C2-82DB-B02DF11917FE}.Release|Any CPU.ActiveCfg = Release|Any CPU
		{F9FAC008-8001-47C2-82DB-B02DF11917FE}.Release|Any CPU.Build.0 = Release|Any CPU
		{F9FAC008-8001-47C2-82DB-B02DF11917FE}.Release|x64.ActiveCfg = Release|Any CPU
		{F9FAC008-8001-47C2-82DB-B02DF11917FE}.Release|x64.Build.0 = Release|Any CPU
		{F9FAC008-8001-47C2-82DB-B02DF11917FE}.Release|x86.ActiveCfg = Release|Any CPU
		{F9FAC008-8001-47C2-82DB-B02DF11917FE}.Release|x86.Build.0 = Release|Any CPU
		{E2F440AC-3129-4921-B7B7-1D065B17FB15}.Debug|Any CPU.ActiveCfg = Debug|Any CPU
		{E2F440AC-3129-4921-B7B7-1D065B17FB15}.Debug|Any CPU.Build.0 = Debug|Any CPU
		{E2F440AC-3129-4921-B7B7-1D065B17FB15}.Debug|x64.ActiveCfg = Debug|Any CPU
		{E2F440AC-3129-4921-B7B7-1D065B17FB15}.Debug|x64.Build.0 = Debug|Any CPU
		{E2F440AC-3129-4921-B7B7-1D065B17FB15}.Debug|x86.ActiveCfg = Debug|Any CPU
		{E2F440AC-3129-4921-B7B7-1D065B17FB15}.Debug|x86.Build.0 = Debug|Any CPU
		{E2F440AC-3129-4921-B7B7-1D065B17FB15}.Release|Any CPU.ActiveCfg = Release|Any CPU
		{E2F440AC-3129-4921-B7B7-1D065B17FB15}.Release|Any CPU.Build.0 = Release|Any CPU
		{E2F440AC-3129-4921-B7B7-1D065B17FB15}.Release|x64.ActiveCfg = Release|Any CPU
		{E2F440AC-3129-4921-B7B7-1D065B17FB15}.Release|x64.Build.0 = Release|Any CPU
		{E2F440AC-3129-4921-B7B7-1D065B17FB15}.Release|x86.ActiveCfg = Release|Any CPU
		{E2F440AC-3129-4921-B7B7-1D065B17FB15}.Release|x86.Build.0 = Release|Any CPU
		{CC8E1C7E-0C46-423F-AB23-0770E3BC4327}.Debug|Any CPU.ActiveCfg = Debug|Any CPU
		{CC8E1C7E-0C46-423F-AB23-0770E3BC4327}.Debug|Any CPU.Build.0 = Debug|Any CPU
		{CC8E1C7E-0C46-423F-AB23-0770E3BC4327}.Debug|x64.ActiveCfg = Debug|Any CPU
		{CC8E1C7E-0C46-423F-AB23-0770E3BC4327}.Debug|x64.Build.0 = Debug|Any CPU
		{CC8E1C7E-0C46-423F-AB23-0770E3BC4327}.Debug|x86.ActiveCfg = Debug|Any CPU
		{CC8E1C7E-0C46-423F-AB23-0770E3BC4327}.Debug|x86.Build.0 = Debug|Any CPU
		{CC8E1C7E-0C46-423F-AB23-0770E3BC4327}.Release|Any CPU.ActiveCfg = Release|Any CPU
		{CC8E1C7E-0C46-423F-AB23-0770E3BC4327}.Release|Any CPU.Build.0 = Release|Any CPU
		{CC8E1C7E-0C46-423F-AB23-0770E3BC4327}.Release|x64.ActiveCfg = Release|Any CPU
		{CC8E1C7E-0C46-423F-AB23-0770E3BC4327}.Release|x64.Build.0 = Release|Any CPU
		{CC8E1C7E-0C46-423F-AB23-0770E3BC4327}.Release|x86.ActiveCfg = Release|Any CPU
		{CC8E1C7E-0C46-423F-AB23-0770E3BC4327}.Release|x86.Build.0 = Release|Any CPU
	EndGlobalSection
	GlobalSection(SolutionProperties) = preSolution
		HideSolutionNode = FALSE
	EndGlobalSection
	GlobalSection(NestedProjects) = preSolution
		{8B290487-4C16-E85E-E807-F579CBE9FC4D} = {827E0CD3-B72D-47B6-A68D-7590B98EB39B}
		{0B3DE5B2-6D07-4ED5-80AE-E54ADB33DEC2} = {8B290487-4C16-E85E-E807-F579CBE9FC4D}
		{22BAF98C-8415-17C4-B26A-D537657BC863} = {827E0CD3-B72D-47B6-A68D-7590B98EB39B}
		{FCE0CEEB-34E5-476F-A712-A95F89F3F58C} = {22BAF98C-8415-17C4-B26A-D537657BC863}
		{9048EB7F-3875-A59E-E36B-5BD4C6F2A282} = {827E0CD3-B72D-47B6-A68D-7590B98EB39B}
		{F9FAC008-8001-47C2-82DB-B02DF11917FE} = {9048EB7F-3875-A59E-E36B-5BD4C6F2A282}
		{81034408-37C8-1011-444E-4C15C2FADA8E} = {827E0CD3-B72D-47B6-A68D-7590B98EB39B}
		{E2F440AC-3129-4921-B7B7-1D065B17FB15} = {81034408-37C8-1011-444E-4C15C2FADA8E}
		{B611CC27-D592-8FDF-F9F1-D39D131BCC02} = {0AB3BF05-4346-4AA6-1389-037BE0695223}
		{CC8E1C7E-0C46-423F-AB23-0770E3BC4327} = {B611CC27-D592-8FDF-F9F1-D39D131BCC02}
	EndGlobalSection
EndGlobal
